sdk: ^2.0.0-alpha.144
prefixes:
  pixel_display: toit-pixel-display
  ssd1306: toit-ssd1306
packages:
  toit-pixel-display:
    url: github.com/toitware/toit-pixel-display
    name: pixel_display
    version: 2.8.0
    hash: d7789ab67f6f0cde4e6df40b7aac88a56b871ca7
    prefixes:
      png-tools: toit-png-tools
  toit-png-tools:
    url: github.com/toitware/toit-png-tools
    name: png-tools
    version: 1.0.0
    hash: ee472ac9d4333a138206f9d3a817d3c5432d6f87
  toit-ssd1306:
    url: github.com/toitware/toit-ssd1306
    name: ssd1306
    version: 2.0.1
    hash: ee2e6e699daa86d961538775aaea642a839025b7
    prefixes:
      pixel_display: toit-pixel-display
